{
  "version": "4",
  "specifiers": {
    "jsr:@hugojosefson/run-simple@2.3.8": "2.3.8"
  },
  "jsr": {
    "@hugojosefson/run-simple@2.3.8": {
      "integrity": "8dc0318207bd0f4e9ed46e36fb179007169f7f25b14ae251f0880e10b347020f"
    }
  },
  "remote": {
    "https://deno.land/x/semver@v1.4.1/mod.ts": "0b79c87562eb8a1f008ab0d98f8bb60076dd65bc06f1f8fdfac2d2dab162c27b"
  }
}
